
Microsoft Visual Studio Solution File, Format Version 12.00
# Visual Studio 15
VisualStudioVersion = 15.0.26228.9
MinimumVisualStudioVersion = 10.0.40219.1
Project("{FAE04EC0-301F-11D3-BF4B-00C04F79EFBC}") = "JanuszProjekt", "JanuszProjekt\JanuszProjekt.csproj", "{21ACEC8C-1CA9-4E3D-AD87-82F533D5B4E9}"
EndProject
Project("{FAE04EC0-301F-11D3-BF4B-00C04F79EFBC}") = "DAL", "DAL\DAL.csproj", "{D81E6006-1CB1-47B3-8CF6-7F69989BDCA8}"
EndProject
Global
	GlobalSection(SolutionConfigurationPlatforms) = preSolution
		Debug|Any CPU = Debug|Any CPU
		Release|Any CPU = Release|Any CPU
	EndGlobalSection
	GlobalSection(ProjectConfigurationPlatforms) = postSolution
		{21ACEC8C-1CA9-4E3D-AD87-82F533D5B4E9}.Debug|Any CPU.ActiveCfg = Debug|Any CPU
		{21ACEC8C-1CA9-4E3D-AD87-82F533D5B4E9}.Debug|Any CPU.Build.0 = Debug|Any CPU
		{21ACEC8C-1CA9-4E3D-AD87-82F533D5B4E9}.Release|Any CPU.ActiveCfg = Release|Any CPU
		{21ACEC8C-1CA9-4E3D-AD87-82F533D5B4E9}.Release|Any CPU.Build.0 = Release|Any CPU
		{D81E6006-1CB1-47B3-8CF6-7F69989BDCA8}.Debug|Any CPU.ActiveCfg = Debug|Any CPU
		{D81E6006-1CB1-47B3-8CF6-7F69989BDCA8}.Debug|Any CPU.Build.0 = Debug|Any CPU
		{D81E6006-1CB1-47B3-8CF6-7F69989BDCA8}.Release|Any CPU.ActiveCfg = Release|Any CPU
		{D81E6006-1CB1-47B3-8CF6-7F69989BDCA8}.Release|Any CPU.Build.0 = Release|Any CPU
	EndGlobalSection
	GlobalSection(SolutionProperties) = preSolution
		HideSolutionNode = FALSE
	EndGlobalSection
EndGlobal
